// !$*UTF8*$!
{
	archiveVersion = 1;
	classes = {
	};
	objectVersion = 55;
	objects = {

/* Begin PBXBuildFile section */
		2935B7D7270ECED600145B4F /* ActivityIndicator.swift in Sources */ = {isa = PBXBuildFile; fileRef = 2935B7D6270ECED600145B4F /* ActivityIndicator.swift */; };
		29493301271569C800B4724E /* StateIcon.swift in Sources */ = {isa = PBXBuildFile; fileRef = 29493300271569C800B4724E /* StateIcon.swift */; };
		2949E06E26FC233E000BCB0F /* AlexandriaApp.swift in Sources */ = {isa = PBXBuildFile; fileRef = 2949E06D26FC233E000BCB0F /* AlexandriaApp.swift */; };
		2949E07226FC2342000BCB0F /* Assets.xcassets in Resources */ = {isa = PBXBuildFile; fileRef = 2949E07126FC2342000BCB0F /* Assets.xcassets */; };
		2949E07526FC2342000BCB0F /* Preview Assets.xcassets in Resources */ = {isa = PBXBuildFile; fileRef = 2949E07426FC2342000BCB0F /* Preview Assets.xcassets */; };
		2949E07F26FC2342000BCB0F /* AlexandriaTests.swift in Sources */ = {isa = PBXBuildFile; fileRef = 2949E07E26FC2342000BCB0F /* AlexandriaTests.swift */; };
		2949E08926FC2342000BCB0F /* AlexandriaUITests.swift in Sources */ = {isa = PBXBuildFile; fileRef = 2949E08826FC2342000BCB0F /* AlexandriaUITests.swift */; };
		2949E09A26FC45B3000BCB0F /* ISBNClient in Frameworks */ = {isa = PBXBuildFile; productRef = 2949E09926FC45B3000BCB0F /* ISBNClient */; };
		2949E09C26FC781A000BCB0F /* LocationClient in Frameworks */ = {isa = PBXBuildFile; productRef = 2949E09B26FC781A000BCB0F /* LocationClient */; };
		2949E0A526FC78B0000BCB0F /* SelectAddressInteractorDependencies.swift in Sources */ = {isa = PBXBuildFile; fileRef = 2949E09E26FC78B0000BCB0F /* SelectAddressInteractorDependencies.swift */; };
		2949E0A626FC78B0000BCB0F /* SelectAddressPresenter.swift in Sources */ = {isa = PBXBuildFile; fileRef = 2949E09F26FC78B0000BCB0F /* SelectAddressPresenter.swift */; };
		2949E0A826FC78B0000BCB0F /* SelectAddressInteractor.swift in Sources */ = {isa = PBXBuildFile; fileRef = 2949E0A126FC78B0000BCB0F /* SelectAddressInteractor.swift */; };
		2949E0A926FC78B0000BCB0F /* SelectAddressView.swift in Sources */ = {isa = PBXBuildFile; fileRef = 2949E0A226FC78B0000BCB0F /* SelectAddressView.swift */; };
		2949E0AB26FC78B0000BCB0F /* SelectAddressWireFrame.swift in Sources */ = {isa = PBXBuildFile; fileRef = 2949E0A426FC78B0000BCB0F /* SelectAddressWireFrame.swift */; };
		2949E0AE26FC801C000BCB0F /* Resources.xcassets in Resources */ = {isa = PBXBuildFile; fileRef = 2949E0AD26FC801C000BCB0F /* Resources.xcassets */; };
		2949E0B026FDBD81000BCB0F /* CalilClient in Frameworks */ = {isa = PBXBuildFile; productRef = 2949E0AF26FDBD81000BCB0F /* CalilClient */; };
		2949E0B52701D683000BCB0F /* Color.swift in Sources */ = {isa = PBXBuildFile; fileRef = 2949E0B42701D683000BCB0F /* Color.swift */; };
		2949E0B827031B8B000BCB0F /* LibraryListView.swift in Sources */ = {isa = PBXBuildFile; fileRef = 2949E0B727031B8B000BCB0F /* LibraryListView.swift */; };
		2949E0BA27031C2D000BCB0F /* StorageClient in Frameworks */ = {isa = PBXBuildFile; productRef = 2949E0B927031C2D000BCB0F /* StorageClient */; };
		2949E0C5270453F4000BCB0F /* SearchISBNInteractorDependencies.swift in Sources */ = {isa = PBXBuildFile; fileRef = 2949E0BE270453F4000BCB0F /* SearchISBNInteractorDependencies.swift */; };
		2949E0C6270453F4000BCB0F /* SearchISBNPresenter.swift in Sources */ = {isa = PBXBuildFile; fileRef = 2949E0BF270453F4000BCB0F /* SearchISBNPresenter.swift */; };
		2949E0C8270453F4000BCB0F /* SearchISBNInteractor.swift in Sources */ = {isa = PBXBuildFile; fileRef = 2949E0C1270453F4000BCB0F /* SearchISBNInteractor.swift */; };
		2949E0C9270453F4000BCB0F /* SearchISBNView.swift in Sources */ = {isa = PBXBuildFile; fileRef = 2949E0C2270453F4000BCB0F /* SearchISBNView.swift */; };
		2949E0CB270453F4000BCB0F /* SearchISBNWireFrame.swift in Sources */ = {isa = PBXBuildFile; fileRef = 2949E0C4270453F4000BCB0F /* SearchISBNWireFrame.swift */; };
		2949E0CE270BDEA4000BCB0F /* SearchISBNPreview.swift in Sources */ = {isa = PBXBuildFile; fileRef = 2949E0CD270BDEA4000BCB0F /* SearchISBNPreview.swift */; };
		2949E0D7270C418F000BCB0F /* SearchBookResultInteractorDependencies.swift in Sources */ = {isa = PBXBuildFile; fileRef = 2949E0D0270C418E000BCB0F /* SearchBookResultInteractorDependencies.swift */; };
		2949E0D8270C418F000BCB0F /* SearchBookResultPresenter.swift in Sources */ = {isa = PBXBuildFile; fileRef = 2949E0D1270C418E000BCB0F /* SearchBookResultPresenter.swift */; };
		2949E0DA270C418F000BCB0F /* SearchBookResultInteractor.swift in Sources */ = {isa = PBXBuildFile; fileRef = 2949E0D3270C418E000BCB0F /* SearchBookResultInteractor.swift */; };
		2949E0DB270C418F000BCB0F /* SearchBookResultView.swift in Sources */ = {isa = PBXBuildFile; fileRef = 2949E0D4270C418E000BCB0F /* SearchBookResultView.swift */; };
		2949E0DD270C418F000BCB0F /* SearchBookResultWireFrame.swift in Sources */ = {isa = PBXBuildFile; fileRef = 2949E0D6270C418E000BCB0F /* SearchBookResultWireFrame.swift */; };
		2952A17A2722A10200A67F57 /* SearchBookResultMocks.swift in Sources */ = {isa = PBXBuildFile; fileRef = 2952A1792722A10200A67F57 /* SearchBookResultMocks.swift */; };
		2952A17C2722DA2200A67F57 /* SearchBookResultInteractorTests.swift in Sources */ = {isa = PBXBuildFile; fileRef = 2952A17B2722DA2200A67F57 /* SearchBookResultInteractorTests.swift */; };
		2952A17E272538C100A67F57 /* SearchBookResultPresenterTests.swift in Sources */ = {isa = PBXBuildFile; fileRef = 2952A17D272538C100A67F57 /* SearchBookResultPresenterTests.swift */; };
		295E5BD4271674550044D7AF /* LazyView.swift in Sources */ = {isa = PBXBuildFile; fileRef = 295E5BD3271674550044D7AF /* LazyView.swift */; };
		295E5BD627169EAE0044D7AF /* SearchISBNError.swift in Sources */ = {isa = PBXBuildFile; fileRef = 295E5BD527169EAE0044D7AF /* SearchISBNError.swift */; };
		29A9F276270C4C800041DC3B /* Mock.swift in Sources */ = {isa = PBXBuildFile; fileRef = 29A9F275270C4C7F0041DC3B /* Mock.swift */; };
		29BB98B32716DCF70069AE68 /* BetterSafariView in Frameworks */ = {isa = PBXBuildFile; productRef = 29BB98B22716DCF70069AE68 /* BetterSafariView */; };
		29F92C1C2717EBC90065117C /* Extensions.swift in Sources */ = {isa = PBXBuildFile; fileRef = 29F92C1B2717EBC90065117C /* Extensions.swift */; };
		29F92C1E2717F1C40065117C /* Settings.bundle in Resources */ = {isa = PBXBuildFile; fileRef = 29F92C1D2717F1C40065117C /* Settings.bundle */; };
		29F92C25271BCABD0065117C /* SearchISBNPresenterTests.swift in Sources */ = {isa = PBXBuildFile; fileRef = 29F92C24271BCABD0065117C /* SearchISBNPresenterTests.swift */; };
		29F92C28271D1B240065117C /* SearchISBNInteractorTests.swift in Sources */ = {isa = PBXBuildFile; fileRef = 29F92C27271D1B240065117C /* SearchISBNInteractorTests.swift */; };
		29F92C2A271D1B3D0065117C /* SearchISBNMocks.swift in Sources */ = {isa = PBXBuildFile; fileRef = 29F92C29271D1B3D0065117C /* SearchISBNMocks.swift */; };
/* End PBXBuildFile section */

/* Begin PBXContainerItemProxy section */
		2949E07B26FC2342000BCB0F /* PBXContainerItemProxy */ = {
			isa = PBXContainerItemProxy;
			containerPortal = 2949E06226FC233E000BCB0F /* Project object */;
			proxyType = 1;
			remoteGlobalIDString = 2949E06926FC233E000BCB0F;
			remoteInfo = Alexandria;
		};
		2949E08526FC2342000BCB0F /* PBXContainerItemProxy */ = {
			isa = PBXContainerItemProxy;
			containerPortal = 2949E06226FC233E000BCB0F /* Project object */;
			proxyType = 1;
			remoteGlobalIDString = 2949E06926FC233E000BCB0F;
			remoteInfo = Alexandria;
		};
/* End PBXContainerItemProxy section */

/* Begin PBXFileReference section */
		2935B7D6270ECED600145B4F /* ActivityIndicator.swift */ = {isa = PBXFileReference; lastKnownFileType = sourcecode.swift; path = ActivityIndicator.swift; sourceTree = "<group>"; };
		29493300271569C800B4724E /* StateIcon.swift */ = {isa = PBXFileReference; lastKnownFileType = sourcecode.swift; path = StateIcon.swift; sourceTree = "<group>"; };
		2949E06A26FC233E000BCB0F /* Alexandria.app */ = {isa = PBXFileReference; explicitFileType = wrapper.application; includeInIndex = 0; path = Alexandria.app; sourceTree = BUILT_PRODUCTS_DIR; };
		2949E06D26FC233E000BCB0F /* AlexandriaApp.swift */ = {isa = PBXFileReference; lastKnownFileType = sourcecode.swift; path = AlexandriaApp.swift; sourceTree = "<group>"; };
		2949E07126FC2342000BCB0F /* Assets.xcassets */ = {isa = PBXFileReference; lastKnownFileType = folder.assetcatalog; path = Assets.xcassets; sourceTree = "<group>"; };
		2949E07426FC2342000BCB0F /* Preview Assets.xcassets */ = {isa = PBXFileReference; lastKnownFileType = folder.assetcatalog; path = "Preview Assets.xcassets"; sourceTree = "<group>"; };
		2949E07A26FC2342000BCB0F /* AlexandriaTests.xctest */ = {isa = PBXFileReference; explicitFileType = wrapper.cfbundle; includeInIndex = 0; path = AlexandriaTests.xctest; sourceTree = BUILT_PRODUCTS_DIR; };
		2949E07E26FC2342000BCB0F /* AlexandriaTests.swift */ = {isa = PBXFileReference; lastKnownFileType = sourcecode.swift; path = AlexandriaTests.swift; sourceTree = "<group>"; };
		2949E08426FC2342000BCB0F /* AlexandriaUITests.xctest */ = {isa = PBXFileReference; explicitFileType = wrapper.cfbundle; includeInIndex = 0; path = AlexandriaUITests.xctest; sourceTree = BUILT_PRODUCTS_DIR; };
		2949E08826FC2342000BCB0F /* AlexandriaUITests.swift */ = {isa = PBXFileReference; lastKnownFileType = sourcecode.swift; path = AlexandriaUITests.swift; sourceTree = "<group>"; };
		2949E09E26FC78B0000BCB0F /* SelectAddressInteractorDependencies.swift */ = {isa = PBXFileReference; lastKnownFileType = sourcecode.swift; path = SelectAddressInteractorDependencies.swift; sourceTree = "<group>"; };
		2949E09F26FC78B0000BCB0F /* SelectAddressPresenter.swift */ = {isa = PBXFileReference; lastKnownFileType = sourcecode.swift; path = SelectAddressPresenter.swift; sourceTree = "<group>"; };
		2949E0A126FC78B0000BCB0F /* SelectAddressInteractor.swift */ = {isa = PBXFileReference; lastKnownFileType = sourcecode.swift; path = SelectAddressInteractor.swift; sourceTree = "<group>"; };
		2949E0A226FC78B0000BCB0F /* SelectAddressView.swift */ = {isa = PBXFileReference; lastKnownFileType = sourcecode.swift; path = SelectAddressView.swift; sourceTree = "<group>"; };
		2949E0A426FC78B0000BCB0F /* SelectAddressWireFrame.swift */ = {isa = PBXFileReference; lastKnownFileType = sourcecode.swift; path = SelectAddressWireFrame.swift; sourceTree = "<group>"; };
		2949E0AD26FC801C000BCB0F /* Resources.xcassets */ = {isa = PBXFileReference; lastKnownFileType = folder.assetcatalog; path = Resources.xcassets; sourceTree = "<group>"; };
		2949E0B42701D683000BCB0F /* Color.swift */ = {isa = PBXFileReference; lastKnownFileType = sourcecode.swift; path = Color.swift; sourceTree = "<group>"; };
		2949E0B727031B8B000BCB0F /* LibraryListView.swift */ = {isa = PBXFileReference; fileEncoding = 4; lastKnownFileType = sourcecode.swift; path = LibraryListView.swift; sourceTree = "<group>"; };
		2949E0BE270453F4000BCB0F /* SearchISBNInteractorDependencies.swift */ = {isa = PBXFileReference; lastKnownFileType = sourcecode.swift; path = SearchISBNInteractorDependencies.swift; sourceTree = "<group>"; };
		2949E0BF270453F4000BCB0F /* SearchISBNPresenter.swift */ = {isa = PBXFileReference; lastKnownFileType = sourcecode.swift; path = SearchISBNPresenter.swift; sourceTree = "<group>"; };
		2949E0C1270453F4000BCB0F /* SearchISBNInteractor.swift */ = {isa = PBXFileReference; lastKnownFileType = sourcecode.swift; path = SearchISBNInteractor.swift; sourceTree = "<group>"; };
		2949E0C2270453F4000BCB0F /* SearchISBNView.swift */ = {isa = PBXFileReference; lastKnownFileType = sourcecode.swift; path = SearchISBNView.swift; sourceTree = "<group>"; };
		2949E0C4270453F4000BCB0F /* SearchISBNWireFrame.swift */ = {isa = PBXFileReference; lastKnownFileType = sourcecode.swift; path = SearchISBNWireFrame.swift; sourceTree = "<group>"; };
		2949E0CD270BDEA4000BCB0F /* SearchISBNPreview.swift */ = {isa = PBXFileReference; lastKnownFileType = sourcecode.swift; path = SearchISBNPreview.swift; sourceTree = "<group>"; };
		2949E0D0270C418E000BCB0F /* SearchBookResultInteractorDependencies.swift */ = {isa = PBXFileReference; lastKnownFileType = sourcecode.swift; path = SearchBookResultInteractorDependencies.swift; sourceTree = "<group>"; };
		2949E0D1270C418E000BCB0F /* SearchBookResultPresenter.swift */ = {isa = PBXFileReference; lastKnownFileType = sourcecode.swift; path = SearchBookResultPresenter.swift; sourceTree = "<group>"; };
		2949E0D3270C418E000BCB0F /* SearchBookResultInteractor.swift */ = {isa = PBXFileReference; lastKnownFileType = sourcecode.swift; path = SearchBookResultInteractor.swift; sourceTree = "<group>"; };
		2949E0D4270C418E000BCB0F /* SearchBookResultView.swift */ = {isa = PBXFileReference; lastKnownFileType = sourcecode.swift; path = SearchBookResultView.swift; sourceTree = "<group>"; };
		2949E0D6270C418E000BCB0F /* SearchBookResultWireFrame.swift */ = {isa = PBXFileReference; lastKnownFileType = sourcecode.swift; path = SearchBookResultWireFrame.swift; sourceTree = "<group>"; };
		2952A1792722A10200A67F57 /* SearchBookResultMocks.swift */ = {isa = PBXFileReference; lastKnownFileType = sourcecode.swift; path = SearchBookResultMocks.swift; sourceTree = "<group>"; };
		2952A17B2722DA2200A67F57 /* SearchBookResultInteractorTests.swift */ = {isa = PBXFileReference; lastKnownFileType = sourcecode.swift; path = SearchBookResultInteractorTests.swift; sourceTree = "<group>"; };
		2952A17D272538C100A67F57 /* SearchBookResultPresenterTests.swift */ = {isa = PBXFileReference; lastKnownFileType = sourcecode.swift; path = SearchBookResultPresenterTests.swift; sourceTree = "<group>"; };
		295E5BD3271674550044D7AF /* LazyView.swift */ = {isa = PBXFileReference; lastKnownFileType = sourcecode.swift; path = LazyView.swift; sourceTree = "<group>"; };
		295E5BD527169EAE0044D7AF /* SearchISBNError.swift */ = {isa = PBXFileReference; lastKnownFileType = sourcecode.swift; path = SearchISBNError.swift; sourceTree = "<group>"; };
		29A9F275270C4C7F0041DC3B /* Mock.swift */ = {isa = PBXFileReference; lastKnownFileType = sourcecode.swift; path = Mock.swift; sourceTree = "<group>"; };
		29F92C1B2717EBC90065117C /* Extensions.swift */ = {isa = PBXFileReference; lastKnownFileType = sourcecode.swift; path = Extensions.swift; sourceTree = "<group>"; };
		29F92C1D2717F1C40065117C /* Settings.bundle */ = {isa = PBXFileReference; lastKnownFileType = "wrapper.plug-in"; path = Settings.bundle; sourceTree = "<group>"; };
		29F92C24271BCABD0065117C /* SearchISBNPresenterTests.swift */ = {isa = PBXFileReference; lastKnownFileType = sourcecode.swift; path = SearchISBNPresenterTests.swift; sourceTree = "<group>"; };
		29F92C27271D1B240065117C /* SearchISBNInteractorTests.swift */ = {isa = PBXFileReference; lastKnownFileType = sourcecode.swift; path = SearchISBNInteractorTests.swift; sourceTree = "<group>"; };
		29F92C29271D1B3D0065117C /* SearchISBNMocks.swift */ = {isa = PBXFileReference; lastKnownFileType = sourcecode.swift; path = SearchISBNMocks.swift; sourceTree = "<group>"; };
/* End PBXFileReference section */

/* Begin PBXFrameworksBuildPhase section */
		2949E06726FC233E000BCB0F /* Frameworks */ = {
			isa = PBXFrameworksBuildPhase;
			buildActionMask = 2147483647;
			files = (
				2949E0B026FDBD81000BCB0F /* CalilClient in Frameworks */,
				2949E0BA27031C2D000BCB0F /* StorageClient in Frameworks */,
				2949E09C26FC781A000BCB0F /* LocationClient in Frameworks */,
				2949E09A26FC45B3000BCB0F /* ISBNClient in Frameworks */,
				29BB98B32716DCF70069AE68 /* BetterSafariView in Frameworks */,
			);
			runOnlyForDeploymentPostprocessing = 0;
		};
		2949E07726FC2342000BCB0F /* Frameworks */ = {
			isa = PBXFrameworksBuildPhase;
			buildActionMask = 2147483647;
			files = (
			);
			runOnlyForDeploymentPostprocessing = 0;
		};
		2949E08126FC2342000BCB0F /* Frameworks */ = {
			isa = PBXFrameworksBuildPhase;
			buildActionMask = 2147483647;
			files = (
			);
			runOnlyForDeploymentPostprocessing = 0;
		};
/* End PBXFrameworksBuildPhase section */

/* Begin PBXGroup section */
		294932FF271569B900B4724E /* SubViews */ = {
			isa = PBXGroup;
			children = (
				29493300271569C800B4724E /* StateIcon.swift */,
			);
			path = SubViews;
			sourceTree = "<group>";
		};
		2949E06126FC233E000BCB0F = {
			isa = PBXGroup;
			children = (
				2949E06C26FC233E000BCB0F /* Alexandria */,
				2949E07D26FC2342000BCB0F /* AlexandriaTests */,
				2949E08726FC2342000BCB0F /* AlexandriaUITests */,
				2949E06B26FC233E000BCB0F /* Products */,
				2949E09826FC45B3000BCB0F /* Frameworks */,
				29F92C1D2717F1C40065117C /* Settings.bundle */,
			);
			sourceTree = "<group>";
		};
		2949E06B26FC233E000BCB0F /* Products */ = {
			isa = PBXGroup;
			children = (
				2949E06A26FC233E000BCB0F /* Alexandria.app */,
				2949E07A26FC2342000BCB0F /* AlexandriaTests.xctest */,
				2949E08426FC2342000BCB0F /* AlexandriaUITests.xctest */,
			);
			name = Products;
			sourceTree = "<group>";
		};
		2949E06C26FC233E000BCB0F /* Alexandria */ = {
			isa = PBXGroup;
			children = (
				2949E0B32701D679000BCB0F /* Component */,
				2949E09D26FC7875000BCB0F /* Modules */,
				2949E06D26FC233E000BCB0F /* AlexandriaApp.swift */,
				2949E07126FC2342000BCB0F /* Assets.xcassets */,
				2949E07326FC2342000BCB0F /* Preview Content */,
				2949E0AD26FC801C000BCB0F /* Resources.xcassets */,
			);
			path = Alexandria;
			sourceTree = "<group>";
		};
		2949E07326FC2342000BCB0F /* Preview Content */ = {
			isa = PBXGroup;
			children = (
				2949E07426FC2342000BCB0F /* Preview Assets.xcassets */,
			);
			path = "Preview Content";
			sourceTree = "<group>";
		};
		2949E07D26FC2342000BCB0F /* AlexandriaTests */ = {
			isa = PBXGroup;
			children = (
				29F92C22271BCA760065117C /* Modules */,
				2949E07E26FC2342000BCB0F /* AlexandriaTests.swift */,
			);
			path = AlexandriaTests;
			sourceTree = "<group>";
		};
		2949E08726FC2342000BCB0F /* AlexandriaUITests */ = {
			isa = PBXGroup;
			children = (
				2949E08826FC2342000BCB0F /* AlexandriaUITests.swift */,
			);
			path = AlexandriaUITests;
			sourceTree = "<group>";
		};
		2949E09826FC45B3000BCB0F /* Frameworks */ = {
			isa = PBXGroup;
			children = (
			);
			name = Frameworks;
			sourceTree = "<group>";
		};
		2949E09D26FC7875000BCB0F /* Modules */ = {
			isa = PBXGroup;
			children = (
				2949E0BD270453D8000BCB0F /* SearchISBN */,
				2949E0AC26FC78BD000BCB0F /* SelectAddress */,
				2949E0CF270C4145000BCB0F /* SeearchBookResult */,
			);
			path = Modules;
			sourceTree = "<group>";
		};
		2949E0AC26FC78BD000BCB0F /* SelectAddress */ = {
			isa = PBXGroup;
			children = (
				2949E0B6270302BE000BCB0F /* SubViews */,
				2949E09E26FC78B0000BCB0F /* SelectAddressInteractorDependencies.swift */,
				2949E09F26FC78B0000BCB0F /* SelectAddressPresenter.swift */,
				2949E0A126FC78B0000BCB0F /* SelectAddressInteractor.swift */,
				2949E0A226FC78B0000BCB0F /* SelectAddressView.swift */,
				2949E0A426FC78B0000BCB0F /* SelectAddressWireFrame.swift */,
			);
			path = SelectAddress;
			sourceTree = "<group>";
		};
		2949E0B32701D679000BCB0F /* Component */ = {
			isa = PBXGroup;
			children = (
				2949E0B42701D683000BCB0F /* Color.swift */,
				2935B7D6270ECED600145B4F /* ActivityIndicator.swift */,
				295E5BD3271674550044D7AF /* LazyView.swift */,
				29F92C1B2717EBC90065117C /* Extensions.swift */,
			);
			path = Component;
			sourceTree = "<group>";
		};
		2949E0B6270302BE000BCB0F /* SubViews */ = {
			isa = PBXGroup;
			children = (
				2949E0B727031B8B000BCB0F /* LibraryListView.swift */,
			);
			path = SubViews;
			sourceTree = "<group>";
		};
		2949E0BD270453D8000BCB0F /* SearchISBN */ = {
			isa = PBXGroup;
			children = (
				2949E0CC270BDE89000BCB0F /* Preview */,
				2949E0BE270453F4000BCB0F /* SearchISBNInteractorDependencies.swift */,
				2949E0BF270453F4000BCB0F /* SearchISBNPresenter.swift */,
				2949E0C1270453F4000BCB0F /* SearchISBNInteractor.swift */,
				2949E0C2270453F4000BCB0F /* SearchISBNView.swift */,
				2949E0C4270453F4000BCB0F /* SearchISBNWireFrame.swift */,
				295E5BD527169EAE0044D7AF /* SearchISBNError.swift */,
			);
			path = SearchISBN;
			sourceTree = "<group>";
		};
		2949E0CC270BDE89000BCB0F /* Preview */ = {
			isa = PBXGroup;
			children = (
				2949E0CD270BDEA4000BCB0F /* SearchISBNPreview.swift */,
			);
			path = Preview;
			sourceTree = "<group>";
		};
		2949E0CF270C4145000BCB0F /* SeearchBookResult */ = {
			isa = PBXGroup;
			children = (
				294932FF271569B900B4724E /* SubViews */,
				29A9F274270C4C720041DC3B /* Preview */,
				2949E0D0270C418E000BCB0F /* SearchBookResultInteractorDependencies.swift */,
				2949E0D1270C418E000BCB0F /* SearchBookResultPresenter.swift */,
				2949E0D3270C418E000BCB0F /* SearchBookResultInteractor.swift */,
				2949E0D4270C418E000BCB0F /* SearchBookResultView.swift */,
				2949E0D6270C418E000BCB0F /* SearchBookResultWireFrame.swift */,
			);
			path = SeearchBookResult;
			sourceTree = "<group>";
		};
		2952A1772722A0C900A67F57 /* SearchBookResult */ = {
			isa = PBXGroup;
			children = (
				2952A1782722A0E800A67F57 /* Mocks */,
				2952A17B2722DA2200A67F57 /* SearchBookResultInteractorTests.swift */,
				2952A17D272538C100A67F57 /* SearchBookResultPresenterTests.swift */,
			);
			path = SearchBookResult;
			sourceTree = "<group>";
		};
		2952A1782722A0E800A67F57 /* Mocks */ = {
			isa = PBXGroup;
			children = (
				2952A1792722A10200A67F57 /* SearchBookResultMocks.swift */,
			);
			path = Mocks;
			sourceTree = "<group>";
		};
		29A9F274270C4C720041DC3B /* Preview */ = {
			isa = PBXGroup;
			children = (
				29A9F275270C4C7F0041DC3B /* Mock.swift */,
			);
			path = Preview;
			sourceTree = "<group>";
		};
		29F92C22271BCA760065117C /* Modules */ = {
			isa = PBXGroup;
			children = (
				2952A1772722A0C900A67F57 /* SearchBookResult */,
				29F92C23271BCA880065117C /* SearchISBN */,
			);
			path = Modules;
			sourceTree = "<group>";
		};
		29F92C23271BCA880065117C /* SearchISBN */ = {
			isa = PBXGroup;
			children = (
				29F92C26271D1AE60065117C /* Mocks */,
				29F92C24271BCABD0065117C /* SearchISBNPresenterTests.swift */,
				29F92C27271D1B240065117C /* SearchISBNInteractorTests.swift */,
			);
			path = SearchISBN;
			sourceTree = "<group>";
		};
		29F92C26271D1AE60065117C /* Mocks */ = {
			isa = PBXGroup;
			children = (
				29F92C29271D1B3D0065117C /* SearchISBNMocks.swift */,
			);
			path = Mocks;
			sourceTree = "<group>";
		};
/* End PBXGroup section */

/* Begin PBXNativeTarget section */
		2949E06926FC233E000BCB0F /* Alexandria */ = {
			isa = PBXNativeTarget;
			buildConfigurationList = 2949E08C26FC2342000BCB0F /* Build configuration list for PBXNativeTarget "Alexandria" */;
			buildPhases = (
				2949E06626FC233E000BCB0F /* Sources */,
				2949E06726FC233E000BCB0F /* Frameworks */,
				2949E06826FC233E000BCB0F /* Resources */,
			);
			buildRules = (
			);
			dependencies = (
			);
			name = Alexandria;
			packageProductDependencies = (
				2949E09926FC45B3000BCB0F /* ISBNClient */,
				2949E09B26FC781A000BCB0F /* LocationClient */,
				2949E0AF26FDBD81000BCB0F /* CalilClient */,
				2949E0B927031C2D000BCB0F /* StorageClient */,
				29BB98B22716DCF70069AE68 /* BetterSafariView */,
			);
			productName = Alexandria;
			productReference = 2949E06A26FC233E000BCB0F /* Alexandria.app */;
			productType = "com.apple.product-type.application";
		};
		2949E07926FC2342000BCB0F /* AlexandriaTests */ = {
			isa = PBXNativeTarget;
			buildConfigurationList = 2949E08F26FC2342000BCB0F /* Build configuration list for PBXNativeTarget "AlexandriaTests" */;
			buildPhases = (
				2949E07626FC2342000BCB0F /* Sources */,
				2949E07726FC2342000BCB0F /* Frameworks */,
				2949E07826FC2342000BCB0F /* Resources */,
			);
			buildRules = (
			);
			dependencies = (
				2949E07C26FC2342000BCB0F /* PBXTargetDependency */,
			);
			name = AlexandriaTests;
			packageProductDependencies = (
			);
			productName = AlexandriaTests;
			productReference = 2949E07A26FC2342000BCB0F /* AlexandriaTests.xctest */;
			productType = "com.apple.product-type.bundle.unit-test";
		};
		2949E08326FC2342000BCB0F /* AlexandriaUITests */ = {
			isa = PBXNativeTarget;
			buildConfigurationList = 2949E09226FC2342000BCB0F /* Build configuration list for PBXNativeTarget "AlexandriaUITests" */;
			buildPhases = (
				2949E08026FC2342000BCB0F /* Sources */,
				2949E08126FC2342000BCB0F /* Frameworks */,
				2949E08226FC2342000BCB0F /* Resources */,
			);
			buildRules = (
			);
			dependencies = (
				2949E08626FC2342000BCB0F /* PBXTargetDependency */,
			);
			name = AlexandriaUITests;
			productName = AlexandriaUITests;
			productReference = 2949E08426FC2342000BCB0F /* AlexandriaUITests.xctest */;
			productType = "com.apple.product-type.bundle.ui-testing";
		};
/* End PBXNativeTarget section */

/* Begin PBXProject section */
		2949E06226FC233E000BCB0F /* Project object */ = {
			isa = PBXProject;
			attributes = {
				BuildIndependentTargetsInParallel = 1;
				LastSwiftUpdateCheck = 1300;
				LastUpgradeCheck = 1300;
				TargetAttributes = {
					2949E06926FC233E000BCB0F = {
						CreatedOnToolsVersion = 13.0;
					};
					2949E07926FC2342000BCB0F = {
						CreatedOnToolsVersion = 13.0;
						TestTargetID = 2949E06926FC233E000BCB0F;
					};
					2949E08326FC2342000BCB0F = {
						CreatedOnToolsVersion = 13.0;
						TestTargetID = 2949E06926FC233E000BCB0F;
					};
				};
			};
			buildConfigurationList = 2949E06526FC233E000BCB0F /* Build configuration list for PBXProject "Alexandria" */;
			compatibilityVersion = "Xcode 13.0";
			developmentRegion = en;
			hasScannedForEncodings = 0;
			knownRegions = (
				en,
				Base,
			);
			mainGroup = 2949E06126FC233E000BCB0F;
			packageReferences = (
				29BB98B12716DCF70069AE68 /* XCRemoteSwiftPackageReference "BetterSafariView" */,
			);
			productRefGroup = 2949E06B26FC233E000BCB0F /* Products */;
			projectDirPath = "";
			projectRoot = "";
			targets = (
				2949E06926FC233E000BCB0F /* Alexandria */,
				2949E07926FC2342000BCB0F /* AlexandriaTests */,
				2949E08326FC2342000BCB0F /* AlexandriaUITests */,
			);
		};
/* End PBXProject section */

/* Begin PBXResourcesBuildPhase section */
		2949E06826FC233E000BCB0F /* Resources */ = {
			isa = PBXResourcesBuildPhase;
			buildActionMask = 2147483647;
			files = (
				29F92C1E2717F1C40065117C /* Settings.bundle in Resources */,
				2949E0AE26FC801C000BCB0F /* Resources.xcassets in Resources */,
				2949E07526FC2342000BCB0F /* Preview Assets.xcassets in Resources */,
				2949E07226FC2342000BCB0F /* Assets.xcassets in Resources */,
			);
			runOnlyForDeploymentPostprocessing = 0;
		};
		2949E07826FC2342000BCB0F /* Resources */ = {
			isa = PBXResourcesBuildPhase;
			buildActionMask = 2147483647;
			files = (
			);
			runOnlyForDeploymentPostprocessing = 0;
		};
		2949E08226FC2342000BCB0F /* Resources */ = {
			isa = PBXResourcesBuildPhase;
			buildActionMask = 2147483647;
			files = (
			);
			runOnlyForDeploymentPostprocessing = 0;
		};
/* End PBXResourcesBuildPhase section */

/* Begin PBXSourcesBuildPhase section */
		2949E06626FC233E000BCB0F /* Sources */ = {
			isa = PBXSourcesBuildPhase;
			buildActionMask = 2147483647;
			files = (
				2949E0CB270453F4000BCB0F /* SearchISBNWireFrame.swift in Sources */,
				2935B7D7270ECED600145B4F /* ActivityIndicator.swift in Sources */,
				2949E0C5270453F4000BCB0F /* SearchISBNInteractorDependencies.swift in Sources */,
				2949E0A626FC78B0000BCB0F /* SelectAddressPresenter.swift in Sources */,
				2949E0B52701D683000BCB0F /* Color.swift in Sources */,
				29493301271569C800B4724E /* StateIcon.swift in Sources */,
				2949E06E26FC233E000BCB0F /* AlexandriaApp.swift in Sources */,
				2949E0C6270453F4000BCB0F /* SearchISBNPresenter.swift in Sources */,
				2949E0B827031B8B000BCB0F /* LibraryListView.swift in Sources */,
				2949E0C9270453F4000BCB0F /* SearchISBNView.swift in Sources */,
				295E5BD4271674550044D7AF /* LazyView.swift in Sources */,
				295E5BD627169EAE0044D7AF /* SearchISBNError.swift in Sources */,
				29A9F276270C4C800041DC3B /* Mock.swift in Sources */,
				2949E0DD270C418F000BCB0F /* SearchBookResultWireFrame.swift in Sources */,
				2949E0DA270C418F000BCB0F /* SearchBookResultInteractor.swift in Sources */,
				2949E0CE270BDEA4000BCB0F /* SearchISBNPreview.swift in Sources */,
				29F92C1C2717EBC90065117C /* Extensions.swift in Sources */,
				2949E0A526FC78B0000BCB0F /* SelectAddressInteractorDependencies.swift in Sources */,
				2949E0C8270453F4000BCB0F /* SearchISBNInteractor.swift in Sources */,
				2949E0A826FC78B0000BCB0F /* SelectAddressInteractor.swift in Sources */,
				2949E0D8270C418F000BCB0F /* SearchBookResultPresenter.swift in Sources */,
				2949E0D7270C418F000BCB0F /* SearchBookResultInteractorDependencies.swift in Sources */,
				2949E0DB270C418F000BCB0F /* SearchBookResultView.swift in Sources */,
				2949E0A926FC78B0000BCB0F /* SelectAddressView.swift in Sources */,
				2949E0AB26FC78B0000BCB0F /* SelectAddressWireFrame.swift in Sources */,
			);
			runOnlyForDeploymentPostprocessing = 0;
		};
		2949E07626FC2342000BCB0F /* Sources */ = {
			isa = PBXSourcesBuildPhase;
			buildActionMask = 2147483647;
			files = (
				2952A17A2722A10200A67F57 /* SearchBookResultMocks.swift in Sources */,
				29F92C25271BCABD0065117C /* SearchISBNPresenterTests.swift in Sources */,
				2949E07F26FC2342000BCB0F /* AlexandriaTests.swift in Sources */,
				2952A17E272538C100A67F57 /* SearchBookResultPresenterTests.swift in Sources */,
				29F92C28271D1B240065117C /* SearchISBNInteractorTests.swift in Sources */,
				2952A17C2722DA2200A67F57 /* SearchBookResultInteractorTests.swift in Sources */,
				29F92C2A271D1B3D0065117C /* SearchISBNMocks.swift in Sources */,
			);
			runOnlyForDeploymentPostprocessing = 0;
		};
		2949E08026FC2342000BCB0F /* Sources */ = {
			isa = PBXSourcesBuildPhase;
			buildActionMask = 2147483647;
			files = (
				2949E08926FC2342000BCB0F /* AlexandriaUITests.swift in Sources */,
			);
			runOnlyForDeploymentPostprocessing = 0;
		};
/* End PBXSourcesBuildPhase section */

/* Begin PBXTargetDependency section */
		2949E07C26FC2342000BCB0F /* PBXTargetDependency */ = {
			isa = PBXTargetDependency;
			target = 2949E06926FC233E000BCB0F /* Alexandria */;
			targetProxy = 2949E07B26FC2342000BCB0F /* PBXContainerItemProxy */;
		};
		2949E08626FC2342000BCB0F /* PBXTargetDependency */ = {
			isa = PBXTargetDependency;
			target = 2949E06926FC233E000BCB0F /* Alexandria */;
			targetProxy = 2949E08526FC2342000BCB0F /* PBXContainerItemProxy */;
		};
/* End PBXTargetDependency section */

/* Begin XCBuildConfiguration section */
		2949E08A26FC2342000BCB0F /* Debug */ = {
			isa = XCBuildConfiguration;
			buildSettings = {
				ALWAYS_SEARCH_USER_PATHS = NO;
				CLANG_ANALYZER_NONNULL = YES;
				CLANG_ANALYZER_NUMBER_OBJECT_CONVERSION = YES_AGGRESSIVE;
				CLANG_CXX_LANGUAGE_STANDARD = "gnu++14";
				CLANG_CXX_LIBRARY = "libc++";
				CLANG_ENABLE_MODULES = YES;
				CLANG_ENABLE_OBJC_ARC = YES;
				CLANG_ENABLE_OBJC_WEAK = YES;
				CLANG_WARN_BLOCK_CAPTURE_AUTORELEASING = YES;
				CLANG_WARN_BOOL_CONVERSION = YES;
				CLANG_WARN_COMMA = YES;
				CLANG_WARN_CONSTANT_CONVERSION = YES;
				CLANG_WARN_DEPRECATED_OBJC_IMPLEMENTATIONS = YES;
				CLANG_WARN_DIRECT_OBJC_ISA_USAGE = YES_ERROR;
				CLANG_WARN_DOCUMENTATION_COMMENTS = YES;
				CLANG_WARN_EMPTY_BODY = YES;
				CLANG_WARN_ENUM_CONVERSION = YES;
				CLANG_WARN_INFINITE_RECURSION = YES;
				CLANG_WARN_INT_CONVERSION = YES;
				CLANG_WARN_NON_LITERAL_NULL_CONVERSION = YES;
				CLANG_WARN_OBJC_IMPLICIT_RETAIN_SELF = YES;
				CLANG_WARN_OBJC_LITERAL_CONVERSION = YES;
				CLANG_WARN_OBJC_ROOT_CLASS = YES_ERROR;
				CLANG_WARN_QUOTED_INCLUDE_IN_FRAMEWORK_HEADER = YES;
				CLANG_WARN_RANGE_LOOP_ANALYSIS = YES;
				CLANG_WARN_STRICT_PROTOTYPES = YES;
				CLANG_WARN_SUSPICIOUS_MOVE = YES;
				CLANG_WARN_UNGUARDED_AVAILABILITY = YES_AGGRESSIVE;
				CLANG_WARN_UNREACHABLE_CODE = YES;
				CLANG_WARN__DUPLICATE_METHOD_MATCH = YES;
				COPY_PHASE_STRIP = NO;
				DEBUG_INFORMATION_FORMAT = dwarf;
				ENABLE_STRICT_OBJC_MSGSEND = YES;
				ENABLE_TESTABILITY = YES;
				GCC_C_LANGUAGE_STANDARD = gnu11;
				GCC_DYNAMIC_NO_PIC = NO;
				GCC_NO_COMMON_BLOCKS = YES;
				GCC_OPTIMIZATION_LEVEL = 0;
				GCC_PREPROCESSOR_DEFINITIONS = (
					"DEBUG=1",
					"$(inherited)",
				);
				GCC_WARN_64_TO_32_BIT_CONVERSION = YES;
				GCC_WARN_ABOUT_RETURN_TYPE = YES_ERROR;
				GCC_WARN_UNDECLARED_SELECTOR = YES;
				GCC_WARN_UNINITIALIZED_AUTOS = YES_AGGRESSIVE;
				GCC_WARN_UNUSED_FUNCTION = YES;
				GCC_WARN_UNUSED_VARIABLE = YES;
				IPHONEOS_DEPLOYMENT_TARGET = 15.0;
				MTL_ENABLE_DEBUG_INFO = INCLUDE_SOURCE;
				MTL_FAST_MATH = YES;
				ONLY_ACTIVE_ARCH = YES;
				SDKROOT = iphoneos;
				SWIFT_ACTIVE_COMPILATION_CONDITIONS = DEBUG;
				SWIFT_OPTIMIZATION_LEVEL = "-Onone";
			};
			name = Debug;
		};
		2949E08B26FC2342000BCB0F /* Release */ = {
			isa = XCBuildConfiguration;
			buildSettings = {
				ALWAYS_SEARCH_USER_PATHS = NO;
				CLANG_ANALYZER_NONNULL = YES;
				CLANG_ANALYZER_NUMBER_OBJECT_CONVERSION = YES_AGGRESSIVE;
				CLANG_CXX_LANGUAGE_STANDARD = "gnu++14";
				CLANG_CXX_LIBRARY = "libc++";
				CLANG_ENABLE_MODULES = YES;
				CLANG_ENABLE_OBJC_ARC = YES;
				CLANG_ENABLE_OBJC_WEAK = YES;
				CLANG_WARN_BLOCK_CAPTURE_AUTORELEASING = YES;
				CLANG_WARN_BOOL_CONVERSION = YES;
				CLANG_WARN_COMMA = YES;
				CLANG_WARN_CONSTANT_CONVERSION = YES;
				CLANG_WARN_DEPRECATED_OBJC_IMPLEMENTATIONS = YES;
				CLANG_WARN_DIRECT_OBJC_ISA_USAGE = YES_ERROR;
				CLANG_WARN_DOCUMENTATION_COMMENTS = YES;
				CLANG_WARN_EMPTY_BODY = YES;
				CLANG_WARN_ENUM_CONVERSION = YES;
				CLANG_WARN_INFINITE_RECURSION = YES;
				CLANG_WARN_INT_CONVERSION = YES;
				CLANG_WARN_NON_LITERAL_NULL_CONVERSION = YES;
				CLANG_WARN_OBJC_IMPLICIT_RETAIN_SELF = YES;
				CLANG_WARN_OBJC_LITERAL_CONVERSION = YES;
				CLANG_WARN_OBJC_ROOT_CLASS = YES_ERROR;
				CLANG_WARN_QUOTED_INCLUDE_IN_FRAMEWORK_HEADER = YES;
				CLANG_WARN_RANGE_LOOP_ANALYSIS = YES;
				CLANG_WARN_STRICT_PROTOTYPES = YES;
				CLANG_WARN_SUSPICIOUS_MOVE = YES;
				CLANG_WARN_UNGUARDED_AVAILABILITY = YES_AGGRESSIVE;
				CLANG_WARN_UNREACHABLE_CODE = YES;
				CLANG_WARN__DUPLICATE_METHOD_MATCH = YES;
				COPY_PHASE_STRIP = NO;
				DEBUG_INFORMATION_FORMAT = "dwarf-with-dsym";
				ENABLE_NS_ASSERTIONS = NO;
				ENABLE_STRICT_OBJC_MSGSEND = YES;
				GCC_C_LANGUAGE_STANDARD = gnu11;
				GCC_NO_COMMON_BLOCKS = YES;
				GCC_WARN_64_TO_32_BIT_CONVERSION = YES;
				GCC_WARN_ABOUT_RETURN_TYPE = YES_ERROR;
				GCC_WARN_UNDECLARED_SELECTOR = YES;
				GCC_WARN_UNINITIALIZED_AUTOS = YES_AGGRESSIVE;
				GCC_WARN_UNUSED_FUNCTION = YES;
				GCC_WARN_UNUSED_VARIABLE = YES;
				IPHONEOS_DEPLOYMENT_TARGET = 15.0;
				MTL_ENABLE_DEBUG_INFO = NO;
				MTL_FAST_MATH = YES;
				SDKROOT = iphoneos;
				SWIFT_COMPILATION_MODE = wholemodule;
				SWIFT_OPTIMIZATION_LEVEL = "-O";
				VALIDATE_PRODUCT = YES;
			};
			name = Release;
		};
		2949E08D26FC2342000BCB0F /* Debug */ = {
			isa = XCBuildConfiguration;
			buildSettings = {
				ASSETCATALOG_COMPILER_APPICON_NAME = AppIcon;
				ASSETCATALOG_COMPILER_GLOBAL_ACCENT_COLOR_NAME = AccentColor;
				CODE_SIGN_STYLE = Automatic;
				CURRENT_PROJECT_VERSION = 1.0.0;
				DEVELOPMENT_ASSET_PATHS = "\"Alexandria/Preview Content\"";
				DEVELOPMENT_TEAM = UUF7376KJL;
				ENABLE_PREVIEWS = YES;
				GENERATE_INFOPLIST_FILE = YES;
				INFOPLIST_KEY_UIApplicationSceneManifest_Generation = YES;
				INFOPLIST_KEY_UIApplicationSupportsIndirectInputEvents = YES;
				INFOPLIST_KEY_UILaunchScreen_Generation = YES;
				INFOPLIST_KEY_UISupportedInterfaceOrientations_iPad = "UIInterfaceOrientationPortrait UIInterfaceOrientationPortraitUpsideDown UIInterfaceOrientationLandscapeLeft UIInterfaceOrientationLandscapeRight";
				INFOPLIST_KEY_UISupportedInterfaceOrientations_iPhone = "UIInterfaceOrientationPortrait UIInterfaceOrientationLandscapeLeft UIInterfaceOrientationLandscapeRight";
				IPHONEOS_DEPLOYMENT_TARGET = 15.0;
				LD_RUNPATH_SEARCH_PATHS = (
					"$(inherited)",
					"@executable_path/Frameworks",
				);
				MARKETING_VERSION = 0.0.1;
				PRODUCT_BUNDLE_IDENTIFIER = com.lcr.Alexandria;
				PRODUCT_NAME = "$(TARGET_NAME)";
				SWIFT_EMIT_LOC_STRINGS = YES;
				SWIFT_VERSION = 5.0;
				TARGETED_DEVICE_FAMILY = "1,2";
			};
			name = Debug;
		};
		2949E08E26FC2342000BCB0F /* Release */ = {
			isa = XCBuildConfiguration;
			buildSettings = {
				ASSETCATALOG_COMPILER_APPICON_NAME = AppIcon;
				ASSETCATALOG_COMPILER_GLOBAL_ACCENT_COLOR_NAME = AccentColor;
				CODE_SIGN_STYLE = Automatic;
				CURRENT_PROJECT_VERSION = 1.0.0;
				DEVELOPMENT_ASSET_PATHS = "\"Alexandria/Preview Content\"";
				DEVELOPMENT_TEAM = UUF7376KJL;
				ENABLE_PREVIEWS = YES;
				GENERATE_INFOPLIST_FILE = YES;
				INFOPLIST_KEY_UIApplicationSceneManifest_Generation = YES;
				INFOPLIST_KEY_UIApplicationSupportsIndirectInputEvents = YES;
				INFOPLIST_KEY_UILaunchScreen_Generation = YES;
				INFOPLIST_KEY_UISupportedInterfaceOrientations_iPad = "UIInterfaceOrientationPortrait UIInterfaceOrientationPortraitUpsideDown UIInterfaceOrientationLandscapeLeft UIInterfaceOrientationLandscapeRight";
				INFOPLIST_KEY_UISupportedInterfaceOrientations_iPhone = "UIInterfaceOrientationPortrait UIInterfaceOrientationLandscapeLeft UIInterfaceOrientationLandscapeRight";
				IPHONEOS_DEPLOYMENT_TARGET = 15.0;
				LD_RUNPATH_SEARCH_PATHS = (
					"$(inherited)",
					"@executable_path/Frameworks",
				);
				MARKETING_VERSION = 0.0.1;
				PRODUCT_BUNDLE_IDENTIFIER = com.lcr.Alexandria;
				PRODUCT_NAME = "$(TARGET_NAME)";
				SWIFT_EMIT_LOC_STRINGS = YES;
				SWIFT_VERSION = 5.0;
				TARGETED_DEVICE_FAMILY = "1,2";
			};
			name = Release;
		};
		2949E09026FC2342000BCB0F /* Debug */ = {
			isa = XCBuildConfiguration;
			buildSettings = {
				ALWAYS_EMBED_SWIFT_STANDARD_LIBRARIES = YES;
				BUNDLE_LOADER = "$(TEST_HOST)";
				CODE_SIGN_STYLE = Automatic;
				CURRENT_PROJECT_VERSION = 1;
				DEVELOPMENT_TEAM = UUF7376KJL;
				GENERATE_INFOPLIST_FILE = YES;
				IPHONEOS_DEPLOYMENT_TARGET = 15.0;
				LD_RUNPATH_SEARCH_PATHS = (
					"$(inherited)",
					"@executable_path/Frameworks",
					"@loader_path/Frameworks",
				);
				MARKETING_VERSION = 1.0;
				PRODUCT_BUNDLE_IDENTIFIER = com.lcr.AlexandriaTests;
				PRODUCT_NAME = "$(TARGET_NAME)";
				SWIFT_EMIT_LOC_STRINGS = NO;
				SWIFT_VERSION = 5.0;
				TARGETED_DEVICE_FAMILY = "1,2";
				TEST_HOST = "$(BUILT_PRODUCTS_DIR)/Alexandria.app/Alexandria";
			};
			name = Debug;
		};
		2949E09126FC2342000BCB0F /* Release */ = {
			isa = XCBuildConfiguration;
			buildSettings = {
				ALWAYS_EMBED_SWIFT_STANDARD_LIBRARIES = YES;
				BUNDLE_LOADER = "$(TEST_HOST)";
				CODE_SIGN_STYLE = Automatic;
				CURRENT_PROJECT_VERSION = 1;
				DEVELOPMENT_TEAM = UUF7376KJL;
				GENERATE_INFOPLIST_FILE = YES;
				IPHONEOS_DEPLOYMENT_TARGET = 15.0;
				LD_RUNPATH_SEARCH_PATHS = (
					"$(inherited)",
					"@executable_path/Frameworks",
					"@loader_path/Frameworks",
				);
				MARKETING_VERSION = 1.0;
				PRODUCT_BUNDLE_IDENTIFIER = com.lcr.AlexandriaTests;
				PRODUCT_NAME = "$(TARGET_NAME)";
				SWIFT_EMIT_LOC_STRINGS = NO;
				SWIFT_VERSION = 5.0;
				TARGETED_DEVICE_FAMILY = "1,2";
				TEST_HOST = "$(BUILT_PRODUCTS_DIR)/Alexandria.app/Alexandria";
			};
			name = Release;
		};
		2949E09326FC2342000BCB0F /* Debug */ = {
			isa = XCBuildConfiguration;
			buildSettings = {
				ALWAYS_EMBED_SWIFT_STANDARD_LIBRARIES = YES;
				CODE_SIGN_STYLE = Automatic;
				CURRENT_PROJECT_VERSION = 1;
				DEVELOPMENT_TEAM = UUF7376KJL;
				GENERATE_INFOPLIST_FILE = YES;
				LD_RUNPATH_SEARCH_PATHS = (
					"$(inherited)",
					"@executable_path/Frameworks",
					"@loader_path/Frameworks",
				);
				MARKETING_VERSION = 1.0;
				PRODUCT_BUNDLE_IDENTIFIER = com.lcr.AlexandriaUITests;
				PRODUCT_NAME = "$(TARGET_NAME)";
				SWIFT_EMIT_LOC_STRINGS = NO;
				SWIFT_VERSION = 5.0;
				TARGETED_DEVICE_FAMILY = "1,2";
				TEST_TARGET_NAME = Alexandria;
			};
			name = Debug;
		};
		2949E09426FC2342000BCB0F /* Release */ = {
			isa = XCBuildConfiguration;
			buildSettings = {
				ALWAYS_EMBED_SWIFT_STANDARD_LIBRARIES = YES;
				CODE_SIGN_STYLE = Automatic;
				CURRENT_PROJECT_VERSION = 1;
				DEVELOPMENT_TEAM = UUF7376KJL;
				GENERATE_INFOPLIST_FILE = YES;
				LD_RUNPATH_SEARCH_PATHS = (
					"$(inherited)",
					"@executable_path/Frameworks",
					"@loader_path/Frameworks",
				);
				MARKETING_VERSION = 1.0;
				PRODUCT_BUNDLE_IDENTIFIER = com.lcr.AlexandriaUITests;
				PRODUCT_NAME = "$(TARGET_NAME)";
				SWIFT_EMIT_LOC_STRINGS = NO;
				SWIFT_VERSION = 5.0;
				TARGETED_DEVICE_FAMILY = "1,2";
				TEST_TARGET_NAME = Alexandria;
			};
			name = Release;
		};
/* End XCBuildConfiguration section */

/* Begin XCConfigurationList section */
		2949E06526FC233E000BCB0F /* Build configuration list for PBXProject "Alexandria" */ = {
			isa = XCConfigurationList;
			buildConfigurations = (
				2949E08A26FC2342000BCB0F /* Debug */,
				2949E08B26FC2342000BCB0F /* Release */,
			);
			defaultConfigurationIsVisible = 0;
			defaultConfigurationName = Release;
		};
		2949E08C26FC2342000BCB0F /* Build configuration list for PBXNativeTarget "Alexandria" */ = {
			isa = XCConfigurationList;
			buildConfigurations = (
				2949E08D26FC2342000BCB0F /* Debug */,
				2949E08E26FC2342000BCB0F /* Release */,
			);
			defaultConfigurationIsVisible = 0;
			defaultConfigurationName = Release;
		};
		2949E08F26FC2342000BCB0F /* Build configuration list for PBXNativeTarget "AlexandriaTests" */ = {
			isa = XCConfigurationList;
			buildConfigurations = (
				2949E09026FC2342000BCB0F /* Debug */,
				2949E09126FC2342000BCB0F /* Release */,
			);
			defaultConfigurationIsVisible = 0;
			defaultConfigurationName = Release;
		};
		2949E09226FC2342000BCB0F /* Build configuration list for PBXNativeTarget "AlexandriaUITests" */ = {
			isa = XCConfigurationList;
			buildConfigurations = (
				2949E09326FC2342000BCB0F /* Debug */,
				2949E09426FC2342000BCB0F /* Release */,
			);
			defaultConfigurationIsVisible = 0;
			defaultConfigurationName = Release;
		};
/* End XCConfigurationList section */

/* Begin XCRemoteSwiftPackageReference section */
		29BB98B12716DCF70069AE68 /* XCRemoteSwiftPackageReference "BetterSafariView" */ = {
			isa = XCRemoteSwiftPackageReference;
			repositoryURL = "https://github.com/stleamist/BetterSafariView";
			requirement = {
				kind = exactVersion;
				version = 2.4.0;
			};
		};
/* End XCRemoteSwiftPackageReference section */

/* Begin XCSwiftPackageProductDependency section */
		2949E09926FC45B3000BCB0F /* ISBNClient */ = {
			isa = XCSwiftPackageProductDependency;
			productName = ISBNClient;
		};
		2949E09B26FC781A000BCB0F /* LocationClient */ = {
			isa = XCSwiftPackageProductDependency;
			productName = LocationClient;
		};
		2949E0AF26FDBD81000BCB0F /* CalilClient */ = {
			isa = XCSwiftPackageProductDependency;
			productName = CalilClient;
		};
		2949E0B927031C2D000BCB0F /* StorageClient */ = {
			isa = XCSwiftPackageProductDependency;
			productName = StorageClient;
		};
		29BB98B22716DCF70069AE68 /* BetterSafariView */ = {
			isa = XCSwiftPackageProductDependency;
			package = 29BB98B12716DCF70069AE68 /* XCRemoteSwiftPackageReference "BetterSafariView" */;
			productName = BetterSafariView;
		};
/* End XCSwiftPackageProductDependency section */
	};
	rootObject = 2949E06226FC233E000BCB0F /* Project object */;
}
