// !$*UTF8*$!
{
	archiveVersion = 1;
	classes = {
	};
	objectVersion = 55;
	objects = {

/* Begin PBXBuildFile section */
		2949E06E26FC233E000BCB0F /* AlexandriaApp.swift in Sources */ = {isa = PBXBuildFile; fileRef = 2949E06D26FC233E000BCB0F /* AlexandriaApp.swift */; };
		2949E07026FC233E000BCB0F /* ContentView.swift in Sources */ = {isa = PBXBuildFile; fileRef = 2949E06F26FC233E000BCB0F /* ContentView.swift */; };
		2949E07226FC2342000BCB0F /* Assets.xcassets in Resources */ = {isa = PBXBuildFile; fileRef = 2949E07126FC2342000BCB0F /* Assets.xcassets */; };
		2949E07526FC2342000BCB0F /* Preview Assets.xcassets in Resources */ = {isa = PBXBuildFile; fileRef = 2949E07426FC2342000BCB0F /* Preview Assets.xcassets */; };
		2949E07F26FC2342000BCB0F /* AlexandriaTests.swift in Sources */ = {isa = PBXBuildFile; fileRef = 2949E07E26FC2342000BCB0F /* AlexandriaTests.swift */; };
		2949E08926FC2342000BCB0F /* AlexandriaUITests.swift in Sources */ = {isa = PBXBuildFile; fileRef = 2949E08826FC2342000BCB0F /* AlexandriaUITests.swift */; };
/* End PBXBuildFile section */

/* Begin PBXContainerItemProxy section */
		2949E07B26FC2342000BCB0F /* PBXContainerItemProxy */ = {
			isa = PBXContainerItemProxy;
			containerPortal = 2949E06226FC233E000BCB0F /* Project object */;
			proxyType = 1;
			remoteGlobalIDString = 2949E06926FC233E000BCB0F;
			remoteInfo = Alexandria;
		};
		2949E08526FC2342000BCB0F /* PBXContainerItemProxy */ = {
			isa = PBXContainerItemProxy;
			containerPortal = 2949E06226FC233E000BCB0F /* Project object */;
			proxyType = 1;
			remoteGlobalIDString = 2949E06926FC233E000BCB0F;
			remoteInfo = Alexandria;
		};
/* End PBXContainerItemProxy section */

/* Begin PBXFileReference section */
		2949E06A26FC233E000BCB0F /* Alexandria.app */ = {isa = PBXFileReference; explicitFileType = wrapper.application; includeInIndex = 0; path = Alexandria.app; sourceTree = BUILT_PRODUCTS_DIR; };
		2949E06D26FC233E000BCB0F /* AlexandriaApp.swift */ = {isa = PBXFileReference; lastKnownFileType = sourcecode.swift; path = AlexandriaApp.swift; sourceTree = "<group>"; };
		2949E06F26FC233E000BCB0F /* ContentView.swift */ = {isa = PBXFileReference; lastKnownFileType = sourcecode.swift; path = ContentView.swift; sourceTree = "<group>"; };
		2949E07126FC2342000BCB0F /* Assets.xcassets */ = {isa = PBXFileReference; lastKnownFileType = folder.assetcatalog; path = Assets.xcassets; sourceTree = "<group>"; };
		2949E07426FC2342000BCB0F /* Preview Assets.xcassets */ = {isa = PBXFileReference; lastKnownFileType = folder.assetcatalog; path = "Preview Assets.xcassets"; sourceTree = "<group>"; };
		2949E07A26FC2342000BCB0F /* AlexandriaTests.xctest */ = {isa = PBXFileReference; explicitFileType = wrapper.cfbundle; includeInIndex = 0; path = AlexandriaTests.xctest; sourceTree = BUILT_PRODUCTS_DIR; };
		2949E07E26FC2342000BCB0F /* AlexandriaTests.swift */ = {isa = PBXFileReference; lastKnownFileType = sourcecode.swift; path = AlexandriaTests.swift; sourceTree = "<group>"; };
		2949E08426FC2342000BCB0F /* AlexandriaUITests.xctest */ = {isa = PBXFileReference; explicitFileType = wrapper.cfbundle; includeInIndex = 0; path = AlexandriaUITests.xctest; sourceTree = BUILT_PRODUCTS_DIR; };
		2949E08826FC2342000BCB0F /* AlexandriaUITests.swift */ = {isa = PBXFileReference; lastKnownFileType = sourcecode.swift; path = AlexandriaUITests.swift; sourceTree = "<group>"; };
/* End PBXFileReference section */

/* Begin PBXFrameworksBuildPhase section */
		2949E06726FC233E000BCB0F /* Frameworks */ = {
			isa = PBXFrameworksBuildPhase;
			buildActionMask = 2147483647;
			files = (
			);
			runOnlyForDeploymentPostprocessing = 0;
		};
		2949E07726FC2342000BCB0F /* Frameworks */ = {
			isa = PBXFrameworksBuildPhase;
			buildActionMask = 2147483647;
			files = (
			);
			runOnlyForDeploymentPostprocessing = 0;
		};
		2949E08126FC2342000BCB0F /* Frameworks */ = {
			isa = PBXFrameworksBuildPhase;
			buildActionMask = 2147483647;
			files = (
			);
			runOnlyForDeploymentPostprocessing = 0;
		};
/* End PBXFrameworksBuildPhase section */

/* Begin PBXGroup section */
		2949E06126FC233E000BCB0F = {
			isa = PBXGroup;
			children = (
				2949E06C26FC233E000BCB0F /* Alexandria */,
				2949E07D26FC2342000BCB0F /* AlexandriaTests */,
				2949E08726FC2342000BCB0F /* AlexandriaUITests */,
				2949E06B26FC233E000BCB0F /* Products */,
			);
			sourceTree = "<group>";
		};
		2949E06B26FC233E000BCB0F /* Products */ = {
			isa = PBXGroup;
			children = (
				2949E06A26FC233E000BCB0F /* Alexandria.app */,
				2949E07A26FC2342000BCB0F /* AlexandriaTests.xctest */,
				2949E08426FC2342000BCB0F /* AlexandriaUITests.xctest */,
			);
			name = Products;
			sourceTree = "<group>";
		};
		2949E06C26FC233E000BCB0F /* Alexandria */ = {
			isa = PBXGroup;
			children = (
				2949E06D26FC233E000BCB0F /* AlexandriaApp.swift */,
				2949E06F26FC233E000BCB0F /* ContentView.swift */,
				2949E07126FC2342000BCB0F /* Assets.xcassets */,
				2949E07326FC2342000BCB0F /* Preview Content */,
			);
			path = Alexandria;
			sourceTree = "<group>";
		};
		2949E07326FC2342000BCB0F /* Preview Content */ = {
			isa = PBXGroup;
			children = (
				2949E07426FC2342000BCB0F /* Preview Assets.xcassets */,
			);
			path = "Preview Content";
			sourceTree = "<group>";
		};
		2949E07D26FC2342000BCB0F /* AlexandriaTests */ = {
			isa = PBXGroup;
			children = (
				2949E07E26FC2342000BCB0F /* AlexandriaTests.swift */,
			);
			path = AlexandriaTests;
			sourceTree = "<group>";
		};
		2949E08726FC2342000BCB0F /* AlexandriaUITests */ = {
			isa = PBXGroup;
			children = (
				2949E08826FC2342000BCB0F /* AlexandriaUITests.swift */,
			);
			path = AlexandriaUITests;
			sourceTree = "<group>";
		};
/* End PBXGroup section */

/* Begin PBXNativeTarget section */
		2949E06926FC233E000BCB0F /* Alexandria */ = {
			isa = PBXNativeTarget;
			buildConfigurationList = 2949E08C26FC2342000BCB0F /* Build configuration list for PBXNativeTarget "Alexandria" */;
			buildPhases = (
				2949E06626FC233E000BCB0F /* Sources */,
				2949E06726FC233E000BCB0F /* Frameworks */,
				2949E06826FC233E000BCB0F /* Resources */,
			);
			buildRules = (
			);
			dependencies = (
			);
			name = Alexandria;
			productName = Alexandria;
			productReference = 2949E06A26FC233E000BCB0F /* Alexandria.app */;
			productType = "com.apple.product-type.application";
		};
		2949E07926FC2342000BCB0F /* AlexandriaTests */ = {
			isa = PBXNativeTarget;
			buildConfigurationList = 2949E08F26FC2342000BCB0F /* Build configuration list for PBXNativeTarget "AlexandriaTests" */;
			buildPhases = (
				2949E07626FC2342000BCB0F /* Sources */,
				2949E07726FC2342000BCB0F /* Frameworks */,
				2949E07826FC2342000BCB0F /* Resources */,
			);
			buildRules = (
			);
			dependencies = (
				2949E07C26FC2342000BCB0F /* PBXTargetDependency */,
			);
			name = AlexandriaTests;
			productName = AlexandriaTests;
			productReference = 2949E07A26FC2342000BCB0F /* AlexandriaTests.xctest */;
			productType = "com.apple.product-type.bundle.unit-test";
		};
		2949E08326FC2342000BCB0F /* AlexandriaUITests */ = {
			isa = PBXNativeTarget;
			buildConfigurationList = 2949E09226FC2342000BCB0F /* Build configuration list for PBXNativeTarget "AlexandriaUITests" */;
			buildPhases = (
				2949E08026FC2342000BCB0F /* Sources */,
				2949E08126FC2342000BCB0F /* Frameworks */,
				2949E08226FC2342000BCB0F /* Resources */,
			);
			buildRules = (
			);
			dependencies = (
				2949E08626FC2342000BCB0F /* PBXTargetDependency */,
			);
			name = AlexandriaUITests;
			productName = AlexandriaUITests;
			productReference = 2949E08426FC2342000BCB0F /* AlexandriaUITests.xctest */;
			productType = "com.apple.product-type.bundle.ui-testing";
		};
/* End PBXNativeTarget section */

/* Begin PBXProject section */
		2949E06226FC233E000BCB0F /* Project object */ = {
			isa = PBXProject;
			attributes = {
				BuildIndependentTargetsInParallel = 1;
				LastSwiftUpdateCheck = 1300;
				LastUpgradeCheck = 1300;
				TargetAttributes = {
					2949E06926FC233E000BCB0F = {
						CreatedOnToolsVersion = 13.0;
					};
					2949E07926FC2342000BCB0F = {
						CreatedOnToolsVersion = 13.0;
						TestTargetID = 2949E06926FC233E000BCB0F;
					};
					2949E08326FC2342000BCB0F = {
						CreatedOnToolsVersion = 13.0;
						TestTargetID = 2949E06926FC233E000BCB0F;
					};
				};
			};
			buildConfigurationList = 2949E06526FC233E000BCB0F /* Build configuration list for PBXProject "Alexandria" */;
			compatibilityVersion = "Xcode 13.0";
			developmentRegion = en;
			hasScannedForEncodings = 0;
			knownRegions = (
				en,
				Base,
			);
			mainGroup = 2949E06126FC233E000BCB0F;
			productRefGroup = 2949E06B26FC233E000BCB0F /* Products */;
			projectDirPath = "";
			projectRoot = "";
			targets = (
				2949E06926FC233E000BCB0F /* Alexandria */,
				2949E07926FC2342000BCB0F /* AlexandriaTests */,
				2949E08326FC2342000BCB0F /* AlexandriaUITests */,
			);
		};
/* End PBXProject section */

/* Begin PBXResourcesBuildPhase section */
		2949E06826FC233E000BCB0F /* Resources */ = {
			isa = PBXResourcesBuildPhase;
			buildActionMask = 2147483647;
			files = (
				2949E07526FC2342000BCB0F /* Preview Assets.xcassets in Resources */,
				2949E07226FC2342000BCB0F /* Assets.xcassets in Resources */,
			);
			runOnlyForDeploymentPostprocessing = 0;
		};
		2949E07826FC2342000BCB0F /* Resources */ = {
			isa = PBXResourcesBuildPhase;
			buildActionMask = 2147483647;
			files = (
			);
			runOnlyForDeploymentPostprocessing = 0;
		};
		2949E08226FC2342000BCB0F /* Resources */ = {
			isa = PBXResourcesBuildPhase;
			buildActionMask = 2147483647;
			files = (
			);
			runOnlyForDeploymentPostprocessing = 0;
		};
/* End PBXResourcesBuildPhase section */

/* Begin PBXSourcesBuildPhase section */
		2949E06626FC233E000BCB0F /* Sources */ = {
			isa = PBXSourcesBuildPhase;
			buildActionMask = 2147483647;
			files = (
				2949E07026FC233E000BCB0F /* ContentView.swift in Sources */,
				2949E06E26FC233E000BCB0F /* AlexandriaApp.swift in Sources */,
			);
			runOnlyForDeploymentPostprocessing = 0;
		};
		2949E07626FC2342000BCB0F /* Sources */ = {
			isa = PBXSourcesBuildPhase;
			buildActionMask = 2147483647;
			files = (
				2949E07F26FC2342000BCB0F /* AlexandriaTests.swift in Sources */,
			);
			runOnlyForDeploymentPostprocessing = 0;
		};
		2949E08026FC2342000BCB0F /* Sources */ = {
			isa = PBXSourcesBuildPhase;
			buildActionMask = 2147483647;
			files = (
				2949E08926FC2342000BCB0F /* AlexandriaUITests.swift in Sources */,
			);
			runOnlyForDeploymentPostprocessing = 0;
		};
/* End PBXSourcesBuildPhase section */

/* Begin PBXTargetDependency section */
		2949E07C26FC2342000BCB0F /* PBXTargetDependency */ = {
			isa = PBXTargetDependency;
			target = 2949E06926FC233E000BCB0F /* Alexandria */;
			targetProxy = 2949E07B26FC2342000BCB0F /* PBXContainerItemProxy */;
		};
		2949E08626FC2342000BCB0F /* PBXTargetDependency */ = {
			isa = PBXTargetDependency;
			target = 2949E06926FC233E000BCB0F /* Alexandria */;
			targetProxy = 2949E08526FC2342000BCB0F /* PBXContainerItemProxy */;
		};
/* End PBXTargetDependency section */

/* Begin XCBuildConfiguration section */
		2949E08A26FC2342000BCB0F /* Debug */ = {
			isa = XCBuildConfiguration;
			buildSettings = {
				ALWAYS_SEARCH_USER_PATHS = NO;
				CLANG_ANALYZER_NONNULL = YES;
				CLANG_ANALYZER_NUMBER_OBJECT_CONVERSION = YES_AGGRESSIVE;
				CLANG_CXX_LANGUAGE_STANDARD = "gnu++14";
				CLANG_CXX_LIBRARY = "libc++";
				CLANG_ENABLE_MODULES = YES;
				CLANG_ENABLE_OBJC_ARC = YES;
				CLANG_ENABLE_OBJC_WEAK = YES;
				CLANG_WARN_BLOCK_CAPTURE_AUTORELEASING = YES;
				CLANG_WARN_BOOL_CONVERSION = YES;
				CLANG_WARN_COMMA = YES;
				CLANG_WARN_CONSTANT_CONVERSION = YES;
				CLANG_WARN_DEPRECATED_OBJC_IMPLEMENTATIONS = YES;
				CLANG_WARN_DIRECT_OBJC_ISA_USAGE = YES_ERROR;
				CLANG_WARN_DOCUMENTATION_COMMENTS = YES;
				CLANG_WARN_EMPTY_BODY = YES;
				CLANG_WARN_ENUM_CONVERSION = YES;
				CLANG_WARN_INFINITE_RECURSION = YES;
				CLANG_WARN_INT_CONVERSION = YES;
				CLANG_WARN_NON_LITERAL_NULL_CONVERSION = YES;
				CLANG_WARN_OBJC_IMPLICIT_RETAIN_SELF = YES;
				CLANG_WARN_OBJC_LITERAL_CONVERSION = YES;
				CLANG_WARN_OBJC_ROOT_CLASS = YES_ERROR;
				CLANG_WARN_QUOTED_INCLUDE_IN_FRAMEWORK_HEADER = YES;
				CLANG_WARN_RANGE_LOOP_ANALYSIS = YES;
				CLANG_WARN_STRICT_PROTOTYPES = YES;
				CLANG_WARN_SUSPICIOUS_MOVE = YES;
				CLANG_WARN_UNGUARDED_AVAILABILITY = YES_AGGRESSIVE;
				CLANG_WARN_UNREACHABLE_CODE = YES;
				CLANG_WARN__DUPLICATE_METHOD_MATCH = YES;
				COPY_PHASE_STRIP = NO;
				DEBUG_INFORMATION_FORMAT = dwarf;
				ENABLE_STRICT_OBJC_MSGSEND = YES;
				ENABLE_TESTABILITY = YES;
				GCC_C_LANGUAGE_STANDARD = gnu11;
				GCC_DYNAMIC_NO_PIC = NO;
				GCC_NO_COMMON_BLOCKS = YES;
				GCC_OPTIMIZATION_LEVEL = 0;
				GCC_PREPROCESSOR_DEFINITIONS = (
					"DEBUG=1",
					"$(inherited)",
				);
				GCC_WARN_64_TO_32_BIT_CONVERSION = YES;
				GCC_WARN_ABOUT_RETURN_TYPE = YES_ERROR;
				GCC_WARN_UNDECLARED_SELECTOR = YES;
				GCC_WARN_UNINITIALIZED_AUTOS = YES_AGGRESSIVE;
				GCC_WARN_UNUSED_FUNCTION = YES;
				GCC_WARN_UNUSED_VARIABLE = YES;
				IPHONEOS_DEPLOYMENT_TARGET = 15.0;
				MTL_ENABLE_DEBUG_INFO = INCLUDE_SOURCE;
				MTL_FAST_MATH = YES;
				ONLY_ACTIVE_ARCH = YES;
				SDKROOT = iphoneos;
				SWIFT_ACTIVE_COMPILATION_CONDITIONS = DEBUG;
				SWIFT_OPTIMIZATION_LEVEL = "-Onone";
			};
			name = Debug;
		};
		2949E08B26FC2342000BCB0F /* Release */ = {
			isa = XCBuildConfiguration;
			buildSettings = {
				ALWAYS_SEARCH_USER_PATHS = NO;
				CLANG_ANALYZER_NONNULL = YES;
				CLANG_ANALYZER_NUMBER_OBJECT_CONVERSION = YES_AGGRESSIVE;
				CLANG_CXX_LANGUAGE_STANDARD = "gnu++14";
				CLANG_CXX_LIBRARY = "libc++";
				CLANG_ENABLE_MODULES = YES;
				CLANG_ENABLE_OBJC_ARC = YES;
				CLANG_ENABLE_OBJC_WEAK = YES;
				CLANG_WARN_BLOCK_CAPTURE_AUTORELEASING = YES;
				CLANG_WARN_BOOL_CONVERSION = YES;
				CLANG_WARN_COMMA = YES;
				CLANG_WARN_CONSTANT_CONVERSION = YES;
				CLANG_WARN_DEPRECATED_OBJC_IMPLEMENTATIONS = YES;
				CLANG_WARN_DIRECT_OBJC_ISA_USAGE = YES_ERROR;
				CLANG_WARN_DOCUMENTATION_COMMENTS = YES;
				CLANG_WARN_EMPTY_BODY = YES;
				CLANG_WARN_ENUM_CONVERSION = YES;
				CLANG_WARN_INFINITE_RECURSION = YES;
				CLANG_WARN_INT_CONVERSION = YES;
				CLANG_WARN_NON_LITERAL_NULL_CONVERSION = YES;
				CLANG_WARN_OBJC_IMPLICIT_RETAIN_SELF = YES;
				CLANG_WARN_OBJC_LITERAL_CONVERSION = YES;
				CLANG_WARN_OBJC_ROOT_CLASS = YES_ERROR;
				CLANG_WARN_QUOTED_INCLUDE_IN_FRAMEWORK_HEADER = YES;
				CLANG_WARN_RANGE_LOOP_ANALYSIS = YES;
				CLANG_WARN_STRICT_PROTOTYPES = YES;
				CLANG_WARN_SUSPICIOUS_MOVE = YES;
				CLANG_WARN_UNGUARDED_AVAILABILITY = YES_AGGRESSIVE;
				CLANG_WARN_UNREACHABLE_CODE = YES;
				CLANG_WARN__DUPLICATE_METHOD_MATCH = YES;
				COPY_PHASE_STRIP = NO;
				DEBUG_INFORMATION_FORMAT = "dwarf-with-dsym";
				ENABLE_NS_ASSERTIONS = NO;
				ENABLE_STRICT_OBJC_MSGSEND = YES;
				GCC_C_LANGUAGE_STANDARD = gnu11;
				GCC_NO_COMMON_BLOCKS = YES;
				GCC_WARN_64_TO_32_BIT_CONVERSION = YES;
				GCC_WARN_ABOUT_RETURN_TYPE = YES_ERROR;
				GCC_WARN_UNDECLARED_SELECTOR = YES;
				GCC_WARN_UNINITIALIZED_AUTOS = YES_AGGRESSIVE;
				GCC_WARN_UNUSED_FUNCTION = YES;
				GCC_WARN_UNUSED_VARIABLE = YES;
				IPHONEOS_DEPLOYMENT_TARGET = 15.0;
				MTL_ENABLE_DEBUG_INFO = NO;
				MTL_FAST_MATH = YES;
				SDKROOT = iphoneos;
				SWIFT_COMPILATION_MODE = wholemodule;
				SWIFT_OPTIMIZATION_LEVEL = "-O";
				VALIDATE_PRODUCT = YES;
			};
			name = Release;
		};
		2949E08D26FC2342000BCB0F /* Debug */ = {
			isa = XCBuildConfiguration;
			buildSettings = {
				ASSETCATALOG_COMPILER_APPICON_NAME = AppIcon;
				ASSETCATALOG_COMPILER_GLOBAL_ACCENT_COLOR_NAME = AccentColor;
				CODE_SIGN_STYLE = Automatic;
				CURRENT_PROJECT_VERSION = 1;
				DEVELOPMENT_ASSET_PATHS = "\"Alexandria/Preview Content\"";
				DEVELOPMENT_TEAM = UUF7376KJL;
				ENABLE_PREVIEWS = YES;
				GENERATE_INFOPLIST_FILE = YES;
				INFOPLIST_KEY_UIApplicationSceneManifest_Generation = YES;
				INFOPLIST_KEY_UIApplicationSupportsIndirectInputEvents = YES;
				INFOPLIST_KEY_UILaunchScreen_Generation = YES;
				INFOPLIST_KEY_UISupportedInterfaceOrientations_iPad = "UIInterfaceOrientationPortrait UIInterfaceOrientationPortraitUpsideDown UIInterfaceOrientationLandscapeLeft UIInterfaceOrientationLandscapeRight";
				INFOPLIST_KEY_UISupportedInterfaceOrientations_iPhone = "UIInterfaceOrientationPortrait UIInterfaceOrientationLandscapeLeft UIInterfaceOrientationLandscapeRight";
				IPHONEOS_DEPLOYMENT_TARGET = 14.0;
				LD_RUNPATH_SEARCH_PATHS = (
					"$(inherited)",
					"@executable_path/Frameworks",
				);
				MARKETING_VERSION = 1.0;
				PRODUCT_BUNDLE_IDENTIFIER = com.lcr.Alexandria;
				PRODUCT_NAME = "$(TARGET_NAME)";
				SWIFT_EMIT_LOC_STRINGS = YES;
				SWIFT_VERSION = 5.0;
				TARGETED_DEVICE_FAMILY = "1,2";
			};
			name = Debug;
		};
		2949E08E26FC2342000BCB0F /* Release */ = {
			isa = XCBuildConfiguration;
			buildSettings = {
				ASSETCATALOG_COMPILER_APPICON_NAME = AppIcon;
				ASSETCATALOG_COMPILER_GLOBAL_ACCENT_COLOR_NAME = AccentColor;
				CODE_SIGN_STYLE = Automatic;
				CURRENT_PROJECT_VERSION = 1;
				DEVELOPMENT_ASSET_PATHS = "\"Alexandria/Preview Content\"";
				DEVELOPMENT_TEAM = UUF7376KJL;
				ENABLE_PREVIEWS = YES;
				GENERATE_INFOPLIST_FILE = YES;
				INFOPLIST_KEY_UIApplicationSceneManifest_Generation = YES;
				INFOPLIST_KEY_UIApplicationSupportsIndirectInputEvents = YES;
				INFOPLIST_KEY_UILaunchScreen_Generation = YES;
				INFOPLIST_KEY_UISupportedInterfaceOrientations_iPad = "UIInterfaceOrientationPortrait UIInterfaceOrientationPortraitUpsideDown UIInterfaceOrientationLandscapeLeft UIInterfaceOrientationLandscapeRight";
				INFOPLIST_KEY_UISupportedInterfaceOrientations_iPhone = "UIInterfaceOrientationPortrait UIInterfaceOrientationLandscapeLeft UIInterfaceOrientationLandscapeRight";
				IPHONEOS_DEPLOYMENT_TARGET = 14.0;
				LD_RUNPATH_SEARCH_PATHS = (
					"$(inherited)",
					"@executable_path/Frameworks",
				);
				MARKETING_VERSION = 1.0;
				PRODUCT_BUNDLE_IDENTIFIER = com.lcr.Alexandria;
				PRODUCT_NAME = "$(TARGET_NAME)";
				SWIFT_EMIT_LOC_STRINGS = YES;
				SWIFT_VERSION = 5.0;
				TARGETED_DEVICE_FAMILY = "1,2";
			};
			name = Release;
		};
		2949E09026FC2342000BCB0F /* Debug */ = {
			isa = XCBuildConfiguration;
			buildSettings = {
				ALWAYS_EMBED_SWIFT_STANDARD_LIBRARIES = YES;
				BUNDLE_LOADER = "$(TEST_HOST)";
				CODE_SIGN_STYLE = Automatic;
				CURRENT_PROJECT_VERSION = 1;
				DEVELOPMENT_TEAM = UUF7376KJL;
				GENERATE_INFOPLIST_FILE = YES;
				IPHONEOS_DEPLOYMENT_TARGET = 14.0;
				LD_RUNPATH_SEARCH_PATHS = (
					"$(inherited)",
					"@executable_path/Frameworks",
					"@loader_path/Frameworks",
				);
				MARKETING_VERSION = 1.0;
				PRODUCT_BUNDLE_IDENTIFIER = com.lcr.AlexandriaTests;
				PRODUCT_NAME = "$(TARGET_NAME)";
				SWIFT_EMIT_LOC_STRINGS = NO;
				SWIFT_VERSION = 5.0;
				TARGETED_DEVICE_FAMILY = "1,2";
				TEST_HOST = "$(BUILT_PRODUCTS_DIR)/Alexandria.app/Alexandria";
			};
			name = Debug;
		};
		2949E09126FC2342000BCB0F /* Release */ = {
			isa = XCBuildConfiguration;
			buildSettings = {
				ALWAYS_EMBED_SWIFT_STANDARD_LIBRARIES = YES;
				BUNDLE_LOADER = "$(TEST_HOST)";
				CODE_SIGN_STYLE = Automatic;
				CURRENT_PROJECT_VERSION = 1;
				DEVELOPMENT_TEAM = UUF7376KJL;
				GENERATE_INFOPLIST_FILE = YES;
				IPHONEOS_DEPLOYMENT_TARGET = 14.0;
				LD_RUNPATH_SEARCH_PATHS = (
					"$(inherited)",
					"@executable_path/Frameworks",
					"@loader_path/Frameworks",
				);
				MARKETING_VERSION = 1.0;
				PRODUCT_BUNDLE_IDENTIFIER = com.lcr.AlexandriaTests;
				PRODUCT_NAME = "$(TARGET_NAME)";
				SWIFT_EMIT_LOC_STRINGS = NO;
				SWIFT_VERSION = 5.0;
				TARGETED_DEVICE_FAMILY = "1,2";
				TEST_HOST = "$(BUILT_PRODUCTS_DIR)/Alexandria.app/Alexandria";
			};
			name = Release;
		};
		2949E09326FC2342000BCB0F /* Debug */ = {
			isa = XCBuildConfiguration;
			buildSettings = {
				ALWAYS_EMBED_SWIFT_STANDARD_LIBRARIES = YES;
				CODE_SIGN_STYLE = Automatic;
				CURRENT_PROJECT_VERSION = 1;
				DEVELOPMENT_TEAM = UUF7376KJL;
				GENERATE_INFOPLIST_FILE = YES;
				LD_RUNPATH_SEARCH_PATHS = (
					"$(inherited)",
					"@executable_path/Frameworks",
					"@loader_path/Frameworks",
				);
				MARKETING_VERSION = 1.0;
				PRODUCT_BUNDLE_IDENTIFIER = com.lcr.AlexandriaUITests;
				PRODUCT_NAME = "$(TARGET_NAME)";
				SWIFT_EMIT_LOC_STRINGS = NO;
				SWIFT_VERSION = 5.0;
				TARGETED_DEVICE_FAMILY = "1,2";
				TEST_TARGET_NAME = Alexandria;
			};
			name = Debug;
		};
		2949E09426FC2342000BCB0F /* Release */ = {
			isa = XCBuildConfiguration;
			buildSettings = {
				ALWAYS_EMBED_SWIFT_STANDARD_LIBRARIES = YES;
				CODE_SIGN_STYLE = Automatic;
				CURRENT_PROJECT_VERSION = 1;
				DEVELOPMENT_TEAM = UUF7376KJL;
				GENERATE_INFOPLIST_FILE = YES;
				LD_RUNPATH_SEARCH_PATHS = (
					"$(inherited)",
					"@executable_path/Frameworks",
					"@loader_path/Frameworks",
				);
				MARKETING_VERSION = 1.0;
				PRODUCT_BUNDLE_IDENTIFIER = com.lcr.AlexandriaUITests;
				PRODUCT_NAME = "$(TARGET_NAME)";
				SWIFT_EMIT_LOC_STRINGS = NO;
				SWIFT_VERSION = 5.0;
				TARGETED_DEVICE_FAMILY = "1,2";
				TEST_TARGET_NAME = Alexandria;
			};
			name = Release;
		};
/* End XCBuildConfiguration section */

/* Begin XCConfigurationList section */
		2949E06526FC233E000BCB0F /* Build configuration list for PBXProject "Alexandria" */ = {
			isa = XCConfigurationList;
			buildConfigurations = (
				2949E08A26FC2342000BCB0F /* Debug */,
				2949E08B26FC2342000BCB0F /* Release */,
			);
			defaultConfigurationIsVisible = 0;
			defaultConfigurationName = Release;
		};
		2949E08C26FC2342000BCB0F /* Build configuration list for PBXNativeTarget "Alexandria" */ = {
			isa = XCConfigurationList;
			buildConfigurations = (
				2949E08D26FC2342000BCB0F /* Debug */,
				2949E08E26FC2342000BCB0F /* Release */,
			);
			defaultConfigurationIsVisible = 0;
			defaultConfigurationName = Release;
		};
		2949E08F26FC2342000BCB0F /* Build configuration list for PBXNativeTarget "AlexandriaTests" */ = {
			isa = XCConfigurationList;
			buildConfigurations = (
				2949E09026FC2342000BCB0F /* Debug */,
				2949E09126FC2342000BCB0F /* Release */,
			);
			defaultConfigurationIsVisible = 0;
			defaultConfigurationName = Release;
		};
		2949E09226FC2342000BCB0F /* Build configuration list for PBXNativeTarget "AlexandriaUITests" */ = {
			isa = XCConfigurationList;
			buildConfigurations = (
				2949E09326FC2342000BCB0F /* Debug */,
				2949E09426FC2342000BCB0F /* Release */,
			);
			defaultConfigurationIsVisible = 0;
			defaultConfigurationName = Release;
		};
/* End XCConfigurationList section */
	};
	rootObject = 2949E06226FC233E000BCB0F /* Project object */;
}
